
Microsoft Visual Studio Solution File, Format Version 12.00
# Visual Studio Version 17
VisualStudioVersion = 17.11.35303.130
MinimumVisualStudioVersion = 10.0.40219.1
Project("{FAE04EC0-301F-11D3-BF4B-00C04F79EFBC}") = "SsoMultipleProviders", "SsoMultipleProviders\SsoMultipleProviders\SsoMultipleProviders.csproj", "{FD735735-CAD4-46CE-9824-02AF1DFA21FB}"
EndProject
Project("{FAE04EC0-301F-11D3-BF4B-00C04F79EFBC}") = "SsoMultipleProviders.Client", "SsoMultipleProviders\SsoMultipleProviders.Client\SsoMultipleProviders.Client.csproj", "{13D23A9F-594E-46E9-A5F7-9B3B1E9E9EE7}"
EndProject
Project("{9A19103F-16F7-4668-BE54-9A1E7A4F7556}") = "SsoMultipleProviders.Common", "SsoMultipleProviders\SsoMultipleProviders.Common\SsoMultipleProviders.Common.csproj", "{6D8D21AC-C7DE-49D4-BC22-92CB7E3E1FF1}"
EndProject
Global
	GlobalSection(SolutionConfigurationPlatforms) = preSolution
		Debug|Any CPU = Debug|Any CPU
		Release|Any CPU = Release|Any CPU
	EndGlobalSection
	GlobalSection(ProjectConfigurationPlatforms) = postSolution
		{FD735735-CAD4-46CE-9824-02AF1DFA21FB}.Debug|Any CPU.ActiveCfg = Debug|Any CPU
		{FD735735-CAD4-46CE-9824-02AF1DFA21FB}.Debug|Any CPU.Build.0 = Debug|Any CPU
		{FD735735-CAD4-46CE-9824-02AF1DFA21FB}.Release|Any CPU.ActiveCfg = Release|Any CPU
		{FD735735-CAD4-46CE-9824-02AF1DFA21FB}.Release|Any CPU.Build.0 = Release|Any CPU
		{13D23A9F-594E-46E9-A5F7-9B3B1E9E9EE7}.Debug|Any CPU.ActiveCfg = Debug|Any CPU
		{13D23A9F-594E-46E9-A5F7-9B3B1E9E9EE7}.Debug|Any CPU.Build.0 = Debug|Any CPU
		{13D23A9F-594E-46E9-A5F7-9B3B1E9E9EE7}.Release|Any CPU.ActiveCfg = Release|Any CPU
		{13D23A9F-594E-46E9-A5F7-9B3B1E9E9EE7}.Release|Any CPU.Build.0 = Release|Any CPU
		{6D8D21AC-C7DE-49D4-BC22-92CB7E3E1FF1}.Debug|Any CPU.ActiveCfg = Debug|Any CPU
		{6D8D21AC-C7DE-49D4-BC22-92CB7E3E1FF1}.Debug|Any CPU.Build.0 = Debug|Any CPU
		{6D8D21AC-C7DE-49D4-BC22-92CB7E3E1FF1}.Release|Any CPU.ActiveCfg = Release|Any CPU
		{6D8D21AC-C7DE-49D4-BC22-92CB7E3E1FF1}.Release|Any CPU.Build.0 = Release|Any CPU
	EndGlobalSection
	GlobalSection(SolutionProperties) = preSolution
		HideSolutionNode = FALSE
	EndGlobalSection
	GlobalSection(ExtensibilityGlobals) = postSolution
		SolutionGuid = {648496B7-DF32-4603-8BC0-711515C551E8}
	EndGlobalSection
EndGlobal
